// !$*UTF8*$!
{
	archiveVersion = 1;
	classes = {
	};
	objectVersion = 50;
	objects = {

/* Begin PBXBuildFile section */
		022483D3BCAF4F82DFDE557C /* Pods_ResourceTest.framework in Frameworks */ = {isa = PBXBuildFile; fileRef = D349A9226D7B9088F9659E70 /* Pods_ResourceTest.framework */; };
		08726CF424EC585F00D07755 /* ResourceTestApp.swift in Sources */ = {isa = PBXBuildFile; fileRef = 08726CF324EC585F00D07755 /* ResourceTestApp.swift */; };
		08726CF624EC585F00D07755 /* ContentView.swift in Sources */ = {isa = PBXBuildFile; fileRef = 08726CF524EC585F00D07755 /* ContentView.swift */; };
		08726CF824EC586100D07755 /* Assets.xcassets in Resources */ = {isa = PBXBuildFile; fileRef = 08726CF724EC586100D07755 /* Assets.xcassets */; };
		08726CFB24EC586100D07755 /* Preview Assets.xcassets in Resources */ = {isa = PBXBuildFile; fileRef = 08726CFA24EC586100D07755 /* Preview Assets.xcassets */; };
		08726D0424EC80CC00D07755 /* mpp-library.bundle in Embed PlugIns */ = {isa = PBXBuildFile; fileRef = 08726D0324EC80CC00D07755 /* mpp-library.bundle */; settings = {ATTRIBUTES = (CodeSignOnCopy, RemoveHeadersOnCopy, ); }; };
/* End PBXBuildFile section */

/* Begin PBXCopyFilesBuildPhase section */
		08726D0524EC80CC00D07755 /* Embed PlugIns */ = {
			isa = PBXCopyFilesBuildPhase;
			buildActionMask = 2147483647;
			dstPath = "";
			dstSubfolderSpec = 13;
			files = (
				08726D0424EC80CC00D07755 /* mpp-library.bundle in Embed PlugIns */,
			);
			name = "Embed PlugIns";
			runOnlyForDeploymentPostprocessing = 0;
		};
/* End PBXCopyFilesBuildPhase section */

/* Begin PBXFileReference section */
		08726CF024EC585F00D07755 /* ResourceTest.app */ = {isa = PBXFileReference; explicitFileType = wrapper.application; includeInIndex = 0; path = ResourceTest.app; sourceTree = BUILT_PRODUCTS_DIR; };
		08726CF324EC585F00D07755 /* ResourceTestApp.swift */ = {isa = PBXFileReference; lastKnownFileType = sourcecode.swift; path = ResourceTestApp.swift; sourceTree = "<group>"; };
		08726CF524EC585F00D07755 /* ContentView.swift */ = {isa = PBXFileReference; lastKnownFileType = sourcecode.swift; path = ContentView.swift; sourceTree = "<group>"; };
		08726CF724EC586100D07755 /* Assets.xcassets */ = {isa = PBXFileReference; lastKnownFileType = folder.assetcatalog; path = Assets.xcassets; sourceTree = "<group>"; };
		08726CFA24EC586100D07755 /* Preview Assets.xcassets */ = {isa = PBXFileReference; lastKnownFileType = folder.assetcatalog; path = "Preview Assets.xcassets"; sourceTree = "<group>"; };
		08726CFC24EC586100D07755 /* Info.plist */ = {isa = PBXFileReference; lastKnownFileType = text.plist.xml; path = Info.plist; sourceTree = "<group>"; };
		08726D0224EC80B300D07755 /* com */ = {isa = PBXFileReference; lastKnownFileType = folder; name = com; path = "MyApplication/mpp-library/build/generated/moko/commonMain/src/com"; sourceTree = "<group>"; };
		08726D0324EC80CC00D07755 /* mpp-library.bundle */ = {isa = PBXFileReference; lastKnownFileType = "wrapper.plug-in"; name = "mpp-library.bundle"; path = "MyApplication/mpp-library/build/cocoapods/framework/testsdk.framework/mpp-library.bundle"; sourceTree = "<group>"; };
		62319E2625CCD77943397CF7 /* Pods-ResourceTest.release.xcconfig */ = {isa = PBXFileReference; includeInIndex = 1; lastKnownFileType = text.xcconfig; name = "Pods-ResourceTest.release.xcconfig"; path = "Target Support Files/Pods-ResourceTest/Pods-ResourceTest.release.xcconfig"; sourceTree = "<group>"; };
		D1E01F031A97217F31E319BD /* Pods-ResourceTest.debug.xcconfig */ = {isa = PBXFileReference; includeInIndex = 1; lastKnownFileType = text.xcconfig; name = "Pods-ResourceTest.debug.xcconfig"; path = "Target Support Files/Pods-ResourceTest/Pods-ResourceTest.debug.xcconfig"; sourceTree = "<group>"; };
		D349A9226D7B9088F9659E70 /* Pods_ResourceTest.framework */ = {isa = PBXFileReference; explicitFileType = wrapper.framework; includeInIndex = 0; path = Pods_ResourceTest.framework; sourceTree = BUILT_PRODUCTS_DIR; };
/* End PBXFileReference section */

/* Begin PBXFrameworksBuildPhase section */
		08726CED24EC585F00D07755 /* Frameworks */ = {
			isa = PBXFrameworksBuildPhase;
			buildActionMask = 2147483647;
			files = (
				022483D3BCAF4F82DFDE557C /* Pods_ResourceTest.framework in Frameworks */,
			);
			runOnlyForDeploymentPostprocessing = 0;
		};
/* End PBXFrameworksBuildPhase section */

/* Begin PBXGroup section */
		08726CE724EC585F00D07755 = {
			isa = PBXGroup;
			children = (
				08726CF224EC585F00D07755 /* ResourceTest */,
				08726CF124EC585F00D07755 /* Products */,
				73581585BF85A95259889551 /* Pods */,
				6F8C87056B5C888AE05AF960 /* Frameworks */,
			);
			sourceTree = "<group>";
		};
		08726CF124EC585F00D07755 /* Products */ = {
			isa = PBXGroup;
			children = (
				08726CF024EC585F00D07755 /* ResourceTest.app */,
			);
			name = Products;
			sourceTree = "<group>";
		};
		08726CF224EC585F00D07755 /* ResourceTest */ = {
			isa = PBXGroup;
			children = (
				08726CF324EC585F00D07755 /* ResourceTestApp.swift */,
				08726CF524EC585F00D07755 /* ContentView.swift */,
				08726CF724EC586100D07755 /* Assets.xcassets */,
				08726CFC24EC586100D07755 /* Info.plist */,
				08726CF924EC586100D07755 /* Preview Content */,
			);
			path = ResourceTest;
			sourceTree = "<group>";
		};
		08726CF924EC586100D07755 /* Preview Content */ = {
			isa = PBXGroup;
			children = (
				08726CFA24EC586100D07755 /* Preview Assets.xcassets */,
			);
			path = "Preview Content";
			sourceTree = "<group>";
		};
		6F8C87056B5C888AE05AF960 /* Frameworks */ = {
			isa = PBXGroup;
			children = (
				08726D0324EC80CC00D07755 /* mpp-library.bundle */,
				08726D0224EC80B300D07755 /* com */,
				D349A9226D7B9088F9659E70 /* Pods_ResourceTest.framework */,
			);
			name = Frameworks;
			sourceTree = "<group>";
		};
		73581585BF85A95259889551 /* Pods */ = {
			isa = PBXGroup;
			children = (
				D1E01F031A97217F31E319BD /* Pods-ResourceTest.debug.xcconfig */,
				62319E2625CCD77943397CF7 /* Pods-ResourceTest.release.xcconfig */,
			);
			path = Pods;
			sourceTree = "<group>";
		};
/* End PBXGroup section */

/* Begin PBXNativeTarget section */
		08726CEF24EC585F00D07755 /* ResourceTest */ = {
			isa = PBXNativeTarget;
			buildConfigurationList = 08726CFF24EC586100D07755 /* Build configuration list for PBXNativeTarget "ResourceTest" */;
			buildPhases = (
				1016FE220EC10886ECAC8654 /* [CP] Check Pods Manifest.lock */,
				08726CEC24EC585F00D07755 /* Sources */,
				08726CED24EC585F00D07755 /* Frameworks */,
				08726CEE24EC585F00D07755 /* Resources */,
				08726D0524EC80CC00D07755 /* Embed PlugIns */,
			);
			buildRules = (
			);
			dependencies = (
			);
			name = ResourceTest;
			productName = ResourceTest;
			productReference = 08726CF024EC585F00D07755 /* ResourceTest.app */;
			productType = "com.apple.product-type.application";
		};
/* End PBXNativeTarget section */

/* Begin PBXProject section */
		08726CE824EC585F00D07755 /* Project object */ = {
			isa = PBXProject;
			attributes = {
				LastSwiftUpdateCheck = 1200;
				LastUpgradeCheck = 1200;
				TargetAttributes = {
					08726CEF24EC585F00D07755 = {
						CreatedOnToolsVersion = 12.0;
					};
				};
			};
			buildConfigurationList = 08726CEB24EC585F00D07755 /* Build configuration list for PBXProject "ResourceTest" */;
			compatibilityVersion = "Xcode 9.3";
			developmentRegion = en;
			hasScannedForEncodings = 0;
			knownRegions = (
				en,
				Base,
			);
			mainGroup = 08726CE724EC585F00D07755;
			productRefGroup = 08726CF124EC585F00D07755 /* Products */;
			projectDirPath = "";
			projectRoot = "";
			targets = (
				08726CEF24EC585F00D07755 /* ResourceTest */,
			);
		};
/* End PBXProject section */

/* Begin PBXResourcesBuildPhase section */
		08726CEE24EC585F00D07755 /* Resources */ = {
			isa = PBXResourcesBuildPhase;
			buildActionMask = 2147483647;
			files = (
				08726CFB24EC586100D07755 /* Preview Assets.xcassets in Resources */,
				08726CF824EC586100D07755 /* Assets.xcassets in Resources */,
			);
			runOnlyForDeploymentPostprocessing = 0;
		};
/* End PBXResourcesBuildPhase section */

/* Begin PBXShellScriptBuildPhase section */
		1016FE220EC10886ECAC8654 /* [CP] Check Pods Manifest.lock */ = {
			isa = PBXShellScriptBuildPhase;
			buildActionMask = 2147483647;
			files = (
			);
			inputFileListPaths = (
			);
			inputPaths = (
				"${PODS_PODFILE_DIR_PATH}/Podfile.lock",
				"${PODS_ROOT}/Manifest.lock",
			);
			name = "[CP] Check Pods Manifest.lock";
			outputFileListPaths = (
			);
			outputPaths = (
				"$(DERIVED_FILE_DIR)/Pods-ResourceTest-checkManifestLockResult.txt",
			);
			runOnlyForDeploymentPostprocessing = 0;
			shellPath = /bin/sh;
			shellScript = "diff \"${PODS_PODFILE_DIR_PATH}/Podfile.lock\" \"${PODS_ROOT}/Manifest.lock\" > /dev/null\nif [ $? != 0 ] ; then\n    # print error to STDERR\n    echo \"error: The sandbox is not in sync with the Podfile.lock. Run 'pod install' or update your CocoaPods installation.\" >&2\n    exit 1\nfi\n# This output is used by Xcode 'outputs' to avoid re-running this script phase.\necho \"SUCCESS\" > \"${SCRIPT_OUTPUT_FILE_0}\"\n";
			showEnvVarsInLog = 0;
		};
/* End PBXShellScriptBuildPhase section */

/* Begin PBXSourcesBuildPhase section */
		08726CEC24EC585F00D07755 /* Sources */ = {
			isa = PBXSourcesBuildPhase;
			buildActionMask = 2147483647;
			files = (
				08726CF624EC585F00D07755 /* ContentView.swift in Sources */,
				08726CF424EC585F00D07755 /* ResourceTestApp.swift in Sources */,
			);
			runOnlyForDeploymentPostprocessing = 0;
		};
/* End PBXSourcesBuildPhase section */

/* Begin XCBuildConfiguration section */
		08726CFD24EC586100D07755 /* Debug */ = {
			isa = XCBuildConfiguration;
			buildSettings = {
				ALWAYS_SEARCH_USER_PATHS = NO;
				CLANG_ANALYZER_NONNULL = YES;
				CLANG_ANALYZER_NUMBER_OBJECT_CONVERSION = YES_AGGRESSIVE;
				CLANG_CXX_LANGUAGE_STANDARD = "gnu++14";
				CLANG_CXX_LIBRARY = "libc++";
				CLANG_ENABLE_MODULES = YES;
				CLANG_ENABLE_OBJC_ARC = YES;
				CLANG_ENABLE_OBJC_WEAK = YES;
				CLANG_WARN_BLOCK_CAPTURE_AUTORELEASING = YES;
				CLANG_WARN_BOOL_CONVERSION = YES;
				CLANG_WARN_COMMA = YES;
				CLANG_WARN_CONSTANT_CONVERSION = YES;
				CLANG_WARN_DEPRECATED_OBJC_IMPLEMENTATIONS = YES;
				CLANG_WARN_DIRECT_OBJC_ISA_USAGE = YES_ERROR;
				CLANG_WARN_DOCUMENTATION_COMMENTS = YES;
				CLANG_WARN_EMPTY_BODY = YES;
				CLANG_WARN_ENUM_CONVERSION = YES;
				CLANG_WARN_INFINITE_RECURSION = YES;
				CLANG_WARN_INT_CONVERSION = YES;
				CLANG_WARN_NON_LITERAL_NULL_CONVERSION = YES;
				CLANG_WARN_OBJC_IMPLICIT_RETAIN_SELF = YES;
				CLANG_WARN_OBJC_LITERAL_CONVERSION = YES;
				CLANG_WARN_OBJC_ROOT_CLASS = YES_ERROR;
				CLANG_WARN_QUOTED_INCLUDE_IN_FRAMEWORK_HEADER = YES;
				CLANG_WARN_RANGE_LOOP_ANALYSIS = YES;
				CLANG_WARN_STRICT_PROTOTYPES = YES;
				CLANG_WARN_SUSPICIOUS_MOVE = YES;
				CLANG_WARN_UNGUARDED_AVAILABILITY = YES_AGGRESSIVE;
				CLANG_WARN_UNREACHABLE_CODE = YES;
				CLANG_WARN__DUPLICATE_METHOD_MATCH = YES;
				COPY_PHASE_STRIP = NO;
				DEBUG_INFORMATION_FORMAT = dwarf;
				ENABLE_STRICT_OBJC_MSGSEND = YES;
				ENABLE_TESTABILITY = YES;
				GCC_C_LANGUAGE_STANDARD = gnu11;
				GCC_DYNAMIC_NO_PIC = NO;
				GCC_NO_COMMON_BLOCKS = YES;
				GCC_OPTIMIZATION_LEVEL = 0;
				GCC_PREPROCESSOR_DEFINITIONS = (
					"DEBUG=1",
					"$(inherited)",
				);
				GCC_WARN_64_TO_32_BIT_CONVERSION = YES;
				GCC_WARN_ABOUT_RETURN_TYPE = YES_ERROR;
				GCC_WARN_UNDECLARED_SELECTOR = YES;
				GCC_WARN_UNINITIALIZED_AUTOS = YES_AGGRESSIVE;
				GCC_WARN_UNUSED_FUNCTION = YES;
				GCC_WARN_UNUSED_VARIABLE = YES;
				IPHONEOS_DEPLOYMENT_TARGET = 14.0;
				MTL_ENABLE_DEBUG_INFO = INCLUDE_SOURCE;
				MTL_FAST_MATH = YES;
				ONLY_ACTIVE_ARCH = YES;
				SDKROOT = iphoneos;
				SWIFT_ACTIVE_COMPILATION_CONDITIONS = DEBUG;
				SWIFT_OPTIMIZATION_LEVEL = "-Onone";
			};
			name = Debug;
		};
		08726CFE24EC586100D07755 /* Release */ = {
			isa = XCBuildConfiguration;
			buildSettings = {
				ALWAYS_SEARCH_USER_PATHS = NO;
				CLANG_ANALYZER_NONNULL = YES;
				CLANG_ANALYZER_NUMBER_OBJECT_CONVERSION = YES_AGGRESSIVE;
				CLANG_CXX_LANGUAGE_STANDARD = "gnu++14";
				CLANG_CXX_LIBRARY = "libc++";
				CLANG_ENABLE_MODULES = YES;
				CLANG_ENABLE_OBJC_ARC = YES;
				CLANG_ENABLE_OBJC_WEAK = YES;
				CLANG_WARN_BLOCK_CAPTURE_AUTORELEASING = YES;
				CLANG_WARN_BOOL_CONVERSION = YES;
				CLANG_WARN_COMMA = YES;
				CLANG_WARN_CONSTANT_CONVERSION = YES;
				CLANG_WARN_DEPRECATED_OBJC_IMPLEMENTATIONS = YES;
				CLANG_WARN_DIRECT_OBJC_ISA_USAGE = YES_ERROR;
				CLANG_WARN_DOCUMENTATION_COMMENTS = YES;
				CLANG_WARN_EMPTY_BODY = YES;
				CLANG_WARN_ENUM_CONVERSION = YES;
				CLANG_WARN_INFINITE_RECURSION = YES;
				CLANG_WARN_INT_CONVERSION = YES;
				CLANG_WARN_NON_LITERAL_NULL_CONVERSION = YES;
				CLANG_WARN_OBJC_IMPLICIT_RETAIN_SELF = YES;
				CLANG_WARN_OBJC_LITERAL_CONVERSION = YES;
				CLANG_WARN_OBJC_ROOT_CLASS = YES_ERROR;
				CLANG_WARN_QUOTED_INCLUDE_IN_FRAMEWORK_HEADER = YES;
				CLANG_WARN_RANGE_LOOP_ANALYSIS = YES;
				CLANG_WARN_STRICT_PROTOTYPES = YES;
				CLANG_WARN_SUSPICIOUS_MOVE = YES;
				CLANG_WARN_UNGUARDED_AVAILABILITY = YES_AGGRESSIVE;
				CLANG_WARN_UNREACHABLE_CODE = YES;
				CLANG_WARN__DUPLICATE_METHOD_MATCH = YES;
				COPY_PHASE_STRIP = NO;
				DEBUG_INFORMATION_FORMAT = "dwarf-with-dsym";
				ENABLE_NS_ASSERTIONS = NO;
				ENABLE_STRICT_OBJC_MSGSEND = YES;
				GCC_C_LANGUAGE_STANDARD = gnu11;
				GCC_NO_COMMON_BLOCKS = YES;
				GCC_WARN_64_TO_32_BIT_CONVERSION = YES;
				GCC_WARN_ABOUT_RETURN_TYPE = YES_ERROR;
				GCC_WARN_UNDECLARED_SELECTOR = YES;
				GCC_WARN_UNINITIALIZED_AUTOS = YES_AGGRESSIVE;
				GCC_WARN_UNUSED_FUNCTION = YES;
				GCC_WARN_UNUSED_VARIABLE = YES;
				IPHONEOS_DEPLOYMENT_TARGET = 14.0;
				MTL_ENABLE_DEBUG_INFO = NO;
				MTL_FAST_MATH = YES;
				SDKROOT = iphoneos;
				SWIFT_COMPILATION_MODE = wholemodule;
				SWIFT_OPTIMIZATION_LEVEL = "-O";
				VALIDATE_PRODUCT = YES;
			};
			name = Release;
		};
		08726D0024EC586100D07755 /* Debug */ = {
			isa = XCBuildConfiguration;
			baseConfigurationReference = D1E01F031A97217F31E319BD /* Pods-ResourceTest.debug.xcconfig */;
			buildSettings = {
				ASSETCATALOG_COMPILER_APPICON_NAME = AppIcon;
				ASSETCATALOG_COMPILER_GLOBAL_ACCENT_COLOR_NAME = AccentColor;
				CODE_SIGN_IDENTITY = "iPhone Developer";
				CODE_SIGN_STYLE = Manual;
				DEVELOPMENT_ASSET_PATHS = "Pods/Target\\ Support\\ Files/Pods-ResourceTest/Pods-ResourceTest.release.xcconfig Pods/Target\\ Support\\ Files/Pods-ResourceTest/Pods-ResourceTest.debug.xcconfig ResourceTest/Preview\\ Content";
				DEVELOPMENT_TEAM = 442MQ6P3QM;
				ENABLE_PREVIEWS = YES;
				INFOPLIST_FILE = ResourceTest/Info.plist;
				IPHONEOS_DEPLOYMENT_TARGET = 14.0;
				LD_RUNPATH_SEARCH_PATHS = (
					"$(inherited)",
					"@executable_path/Frameworks",
				);
				OTHER_LDFLAGS = (
					"$(inherited)",
					"-ObjC",
					"-l\"c++\"",
				);
				PRODUCT_BUNDLE_IDENTIFIER = myorg.ResourceTest;
				PRODUCT_NAME = "$(TARGET_NAME)";
				PROVISIONING_PROFILE_SPECIFIER = "MEO SSO for TV iOS";
				SWIFT_VERSION = 5.0;
				TARGETED_DEVICE_FAMILY = "1,2";
			};
			name = Debug;
		};
		08726D0124EC586100D07755 /* Release */ = {
			isa = XCBuildConfiguration;
			baseConfigurationReference = 62319E2625CCD77943397CF7 /* Pods-ResourceTest.release.xcconfig */;
			buildSettings = {
				ASSETCATALOG_COMPILER_APPICON_NAME = AppIcon;
				ASSETCATALOG_COMPILER_GLOBAL_ACCENT_COLOR_NAME = AccentColor;
				CODE_SIGN_IDENTITY = "iPhone Developer";
				CODE_SIGN_STYLE = Manual;
				DEVELOPMENT_ASSET_PATHS = "Pods/Target\\ Support\\ Files/Pods-ResourceTest/Pods-ResourceTest.release.xcconfig Pods/Target\\ Support\\ Files/Pods-ResourceTest/Pods-ResourceTest.debug.xcconfig ResourceTest/Preview\\ Content";
				DEVELOPMENT_TEAM = 442MQ6P3QM;
				ENABLE_PREVIEWS = YES;
				INFOPLIST_FILE = ResourceTest/Info.plist;
				IPHONEOS_DEPLOYMENT_TARGET = 14.0;
				LD_RUNPATH_SEARCH_PATHS = (
					"$(inherited)",
					"@executable_path/Frameworks",
				);
				OTHER_LDFLAGS = (
					"$(inherited)",
					"-ObjC",
					"-l\"c++\"",
				);
				PRODUCT_BUNDLE_IDENTIFIER = myorg.ResourceTest;
				PRODUCT_NAME = "$(TARGET_NAME)";
				PROVISIONING_PROFILE_SPECIFIER = "MEO SSO for TV iOS";
				SWIFT_VERSION = 5.0;
				TARGETED_DEVICE_FAMILY = "1,2";
			};
			name = Release;
		};
/* End XCBuildConfiguration section */

/* Begin XCConfigurationList section */
		08726CEB24EC585F00D07755 /* Build configuration list for PBXProject "ResourceTest" */ = {
			isa = XCConfigurationList;
			buildConfigurations = (
				08726CFD24EC586100D07755 /* Debug */,
				08726CFE24EC586100D07755 /* Release */,
			);
			defaultConfigurationIsVisible = 0;
			defaultConfigurationName = Release;
		};
		08726CFF24EC586100D07755 /* Build configuration list for PBXNativeTarget "ResourceTest" */ = {
			isa = XCConfigurationList;
			buildConfigurations = (
				08726D0024EC586100D07755 /* Debug */,
				08726D0124EC586100D07755 /* Release */,
			);
			defaultConfigurationIsVisible = 0;
			defaultConfigurationName = Release;
		};
/* End XCConfigurationList section */
	};
	rootObject = 08726CE824EC585F00D07755 /* Project object */;
}
